
Microsoft Visual Studio Solution File, Format Version 12.00
# Visual Studio Version 17
VisualStudioVersion = 17.13.35825.156
MinimumVisualStudioVersion = 10.0.40219.1
Project("{FAE04EC0-301F-11D3-BF4B-00C04F79EFBC}") = "Biblioteca", "Biblioteca\Biblioteca.csproj", "{21D4BD0B-DCC1-4D79-ADD6-A7442AC5811A}"
EndProject
Global
	GlobalSection(SolutionConfigurationPlatforms) = preSolution
		Debug|Any CPU = Debug|Any CPU
		Release|Any CPU = Release|Any CPU
	EndGlobalSection
	GlobalSection(ProjectConfigurationPlatforms) = postSolution
		{21D4BD0B-DCC1-4D79-ADD6-A7442AC5811A}.Debug|Any CPU.ActiveCfg = Debug|Any CPU
		{21D4BD0B-DCC1-4D79-ADD6-A7442AC5811A}.Debug|Any CPU.Build.0 = Debug|Any CPU
		{21D4BD0B-DCC1-4D79-ADD6-A7442AC5811A}.Release|Any CPU.ActiveCfg = Release|Any CPU
		{21D4BD0B-DCC1-4D79-ADD6-A7442AC5811A}.Release|Any CPU.Build.0 = Release|Any CPU
	EndGlobalSection
	GlobalSection(SolutionProperties) = preSolution
		HideSolutionNode = FALSE
	EndGlobalSection
	GlobalSection(ExtensibilityGlobals) = postSolution
		SolutionGuid = {C8A225BE-CF02-4F51-A96A-57C03C2E6829}
	EndGlobalSection
EndGlobal
